
Microsoft Visual Studio Solution File, Format Version 12.00
# Visual Studio 15
VisualStudioVersion = 15.0.28010.2048
MinimumVisualStudioVersion = 10.0.40219.1
Project("{FAE04EC0-301F-11D3-BF4B-00C04F79EFBC}") = "SplashScreen", "SplashScreen\SplashScreen.csproj", "{08250294-4C4E-4EB7-B8E7-11C4502A62C0}"
EndProject
Global
	GlobalSection(SolutionConfigurationPlatforms) = preSolution
		Debug|Any CPU = Debug|Any CPU
		Release|Any CPU = Release|Any CPU
	EndGlobalSection
	GlobalSection(ProjectConfigurationPlatforms) = postSolution
		{08250294-4C4E-4EB7-B8E7-11C4502A62C0}.Debug|Any CPU.ActiveCfg = Debug|Any CPU
		{08250294-4C4E-4EB7-B8E7-11C4502A62C0}.Debug|Any CPU.Build.0 = Debug|Any CPU
		{08250294-4C4E-4EB7-B8E7-11C4502A62C0}.Release|Any CPU.ActiveCfg = Release|Any CPU
		{08250294-4C4E-4EB7-B8E7-11C4502A62C0}.Release|Any CPU.Build.0 = Release|Any CPU
	EndGlobalSection
	GlobalSection(SolutionProperties) = preSolution
		HideSolutionNode = FALSE
	EndGlobalSection
	GlobalSection(ExtensibilityGlobals) = postSolution
		SolutionGuid = {2248CA7E-E5E2-468F-880F-EBABBE16941C}
	EndGlobalSection
EndGlobal
